# THIS IS AN AUTOGENERATED FILE. DO NOT EDIT THIS FILE DIRECTLY.
# yarn lockfile v1


"@mizdra/prettier-config-mizdra@git://github.com/mizdra/prettier-config-mizdra.git#v0.1.0":
  version "0.1.0"
  resolved "git://github.com/mizdra/prettier-config-mizdra.git#394ce8f7abdf010dd40f2e1118b846e0e6c91ed4"
